// !$*UTF8*$!
{
	archiveVersion = 1;
	classes = {
	};
	objectVersion = 46;
	objects = {

/* Begin PBXBuildFile section */
		C9B54C1D1462C0C800D987DE /* UIKit.framework in Frameworks */ = {isa = PBXBuildFile; fileRef = C9B54C1C1462C0C800D987DE /* UIKit.framework */; };
		C9B54C1F1462C0C800D987DE /* Foundation.framework in Frameworks */ = {isa = PBXBuildFile; fileRef = C9B54C1E1462C0C800D987DE /* Foundation.framework */; };
		C9B54C211462C0C800D987DE /* CoreGraphics.framework in Frameworks */ = {isa = PBXBuildFile; fileRef = C9B54C201462C0C800D987DE /* CoreGraphics.framework */; };
		C9B54C271462C0C800D987DE /* InfoPlist.strings in Resources */ = {isa = PBXBuildFile; fileRef = C9B54C251462C0C800D987DE /* InfoPlist.strings */; };
		C9B54C291462C0C800D987DE /* main.m in Sources */ = {isa = PBXBuildFile; fileRef = C9B54C281462C0C800D987DE /* main.m */; };
		C9B54C2D1462C0C800D987DE /* AppDelegate.m in Sources */ = {isa = PBXBuildFile; fileRef = C9B54C2C1462C0C800D987DE /* AppDelegate.m */; };
		C9B54C4F1462C0C900D987DE /* SenTestingKit.framework in Frameworks */ = {isa = PBXBuildFile; fileRef = C9B54C4E1462C0C900D987DE /* SenTestingKit.framework */; };
		C9B54C501462C0C900D987DE /* UIKit.framework in Frameworks */ = {isa = PBXBuildFile; fileRef = C9B54C1C1462C0C800D987DE /* UIKit.framework */; };
		C9B54C511462C0C900D987DE /* Foundation.framework in Frameworks */ = {isa = PBXBuildFile; fileRef = C9B54C1E1462C0C800D987DE /* Foundation.framework */; };
		C9B54C591462C0C900D987DE /* InfoPlist.strings in Resources */ = {isa = PBXBuildFile; fileRef = C9B54C571462C0C900D987DE /* InfoPlist.strings */; };
		C9B54C5C1462C0C900D987DE /* ScaryBugsNoStoryboardTests.m in Sources */ = {isa = PBXBuildFile; fileRef = C9B54C5B1462C0C900D987DE /* ScaryBugsNoStoryboardTests.m */; };
		C9B54C671462C2E900D987DE /* RootViewController.m in Sources */ = {isa = PBXBuildFile; fileRef = C9B54C661462C2E900D987DE /* RootViewController.m */; };
		C9B54C6A1462C3FD00D987DE /* ScaryBugData.m in Sources */ = {isa = PBXBuildFile; fileRef = C9B54C691462C3FD00D987DE /* ScaryBugData.m */; };
		C9B54C6D1462C51D00D987DE /* ScaryBugDoc.m in Sources */ = {isa = PBXBuildFile; fileRef = C9B54C6C1462C51D00D987DE /* ScaryBugDoc.m */; };
		C9B54C781462CA9300D987DE /* attribution.txt in Resources */ = {isa = PBXBuildFile; fileRef = C9B54C6F1462CA9300D987DE /* attribution.txt */; };
		C9B54C791462CA9300D987DE /* centipede.jpg in Resources */ = {isa = PBXBuildFile; fileRef = C9B54C701462CA9300D987DE /* centipede.jpg */; };
		C9B54C7A1462CA9300D987DE /* centipedeThumb.jpg in Resources */ = {isa = PBXBuildFile; fileRef = C9B54C711462CA9300D987DE /* centipedeThumb.jpg */; };
		C9B54C7B1462CA9300D987DE /* ladybug.jpg in Resources */ = {isa = PBXBuildFile; fileRef = C9B54C721462CA9300D987DE /* ladybug.jpg */; };
		C9B54C7C1462CA9300D987DE /* ladybugThumb.jpg in Resources */ = {isa = PBXBuildFile; fileRef = C9B54C731462CA9300D987DE /* ladybugThumb.jpg */; };
		C9B54C7D1462CA9300D987DE /* potatoBug.jpg in Resources */ = {isa = PBXBuildFile; fileRef = C9B54C741462CA9300D987DE /* potatoBug.jpg */; };
		C9B54C7E1462CA9300D987DE /* potatoBugThumb.jpg in Resources */ = {isa = PBXBuildFile; fileRef = C9B54C751462CA9300D987DE /* potatoBugThumb.jpg */; };
		C9B54C7F1462CA9300D987DE /* wolfSpider.jpg in Resources */ = {isa = PBXBuildFile; fileRef = C9B54C761462CA9300D987DE /* wolfSpider.jpg */; };
		C9B54C801462CA9300D987DE /* wolfSpiderThumb.jpg in Resources */ = {isa = PBXBuildFile; fileRef = C9B54C771462CA9300D987DE /* wolfSpiderThumb.jpg */; };
/* End PBXBuildFile section */

/* Begin PBXContainerItemProxy section */
		C9B54C521462C0C900D987DE /* PBXContainerItemProxy */ = {
			isa = PBXContainerItemProxy;
			containerPortal = C9B54C0F1462C0C800D987DE /* Project object */;
			proxyType = 1;
			remoteGlobalIDString = C9B54C171462C0C800D987DE;
			remoteInfo = ScaryBugsNoStoryboard;
		};
/* End PBXContainerItemProxy section */

/* Begin PBXFileReference section */
		C9B54C181462C0C800D987DE /* ScaryBugsNoStoryboard.app */ = {isa = PBXFileReference; explicitFileType = wrapper.application; includeInIndex = 0; path = ScaryBugsNoStoryboard.app; sourceTree = BUILT_PRODUCTS_DIR; };
		C9B54C1C1462C0C800D987DE /* UIKit.framework */ = {isa = PBXFileReference; lastKnownFileType = wrapper.framework; name = UIKit.framework; path = System/Library/Frameworks/UIKit.framework; sourceTree = SDKROOT; };
		C9B54C1E1462C0C800D987DE /* Foundation.framework */ = {isa = PBXFileReference; lastKnownFileType = wrapper.framework; name = Foundation.framework; path = System/Library/Frameworks/Foundation.framework; sourceTree = SDKROOT; };
		C9B54C201462C0C800D987DE /* CoreGraphics.framework */ = {isa = PBXFileReference; lastKnownFileType = wrapper.framework; name = CoreGraphics.framework; path = System/Library/Frameworks/CoreGraphics.framework; sourceTree = SDKROOT; };
		C9B54C241462C0C800D987DE /* ScaryBugsNoStoryboard-Info.plist */ = {isa = PBXFileReference; lastKnownFileType = text.plist.xml; path = "ScaryBugsNoStoryboard-Info.plist"; sourceTree = "<group>"; };
		C9B54C261462C0C800D987DE /* en */ = {isa = PBXFileReference; lastKnownFileType = text.plist.strings; name = en; path = en.lproj/InfoPlist.strings; sourceTree = "<group>"; };
		C9B54C281462C0C800D987DE /* main.m */ = {isa = PBXFileReference; lastKnownFileType = sourcecode.c.objc; path = main.m; sourceTree = "<group>"; };
		C9B54C2A1462C0C800D987DE /* ScaryBugsNoStoryboard-Prefix.pch */ = {isa = PBXFileReference; lastKnownFileType = sourcecode.c.h; path = "ScaryBugsNoStoryboard-Prefix.pch"; sourceTree = "<group>"; };
		C9B54C2B1462C0C800D987DE /* AppDelegate.h */ = {isa = PBXFileReference; lastKnownFileType = sourcecode.c.h; path = AppDelegate.h; sourceTree = "<group>"; };
		C9B54C2C1462C0C800D987DE /* AppDelegate.m */ = {isa = PBXFileReference; lastKnownFileType = sourcecode.c.objc; path = AppDelegate.m; sourceTree = "<group>"; };
		C9B54C4D1462C0C900D987DE /* ScaryBugsNoStoryboardTests.octest */ = {isa = PBXFileReference; explicitFileType = wrapper.cfbundle; includeInIndex = 0; path = ScaryBugsNoStoryboardTests.octest; sourceTree = BUILT_PRODUCTS_DIR; };
		C9B54C4E1462C0C900D987DE /* SenTestingKit.framework */ = {isa = PBXFileReference; lastKnownFileType = wrapper.framework; name = SenTestingKit.framework; path = Library/Frameworks/SenTestingKit.framework; sourceTree = DEVELOPER_DIR; };
		C9B54C561462C0C900D987DE /* ScaryBugsNoStoryboardTests-Info.plist */ = {isa = PBXFileReference; lastKnownFileType = text.plist.xml; path = "ScaryBugsNoStoryboardTests-Info.plist"; sourceTree = "<group>"; };
		C9B54C581462C0C900D987DE /* en */ = {isa = PBXFileReference; lastKnownFileType = text.plist.strings; name = en; path = en.lproj/InfoPlist.strings; sourceTree = "<group>"; };
		C9B54C5A1462C0C900D987DE /* ScaryBugsNoStoryboardTests.h */ = {isa = PBXFileReference; lastKnownFileType = sourcecode.c.h; path = ScaryBugsNoStoryboardTests.h; sourceTree = "<group>"; };
		C9B54C5B1462C0C900D987DE /* ScaryBugsNoStoryboardTests.m */ = {isa = PBXFileReference; lastKnownFileType = sourcecode.c.objc; path = ScaryBugsNoStoryboardTests.m; sourceTree = "<group>"; };
		C9B54C651462C2E900D987DE /* RootViewController.h */ = {isa = PBXFileReference; fileEncoding = 4; lastKnownFileType = sourcecode.c.h; path = RootViewController.h; sourceTree = "<group>"; };
		C9B54C661462C2E900D987DE /* RootViewController.m */ = {isa = PBXFileReference; fileEncoding = 4; lastKnownFileType = sourcecode.c.objc; path = RootViewController.m; sourceTree = "<group>"; };
		C9B54C681462C3FD00D987DE /* ScaryBugData.h */ = {isa = PBXFileReference; fileEncoding = 4; lastKnownFileType = sourcecode.c.h; path = ScaryBugData.h; sourceTree = "<group>"; };
		C9B54C691462C3FD00D987DE /* ScaryBugData.m */ = {isa = PBXFileReference; fileEncoding = 4; lastKnownFileType = sourcecode.c.objc; path = ScaryBugData.m; sourceTree = "<group>"; };
		C9B54C6B1462C51D00D987DE /* ScaryBugDoc.h */ = {isa = PBXFileReference; fileEncoding = 4; lastKnownFileType = sourcecode.c.h; path = ScaryBugDoc.h; sourceTree = "<group>"; };
		C9B54C6C1462C51D00D987DE /* ScaryBugDoc.m */ = {isa = PBXFileReference; fileEncoding = 4; lastKnownFileType = sourcecode.c.objc; path = ScaryBugDoc.m; sourceTree = "<group>"; };
		C9B54C6F1462CA9300D987DE /* attribution.txt */ = {isa = PBXFileReference; fileEncoding = 4; lastKnownFileType = text; path = attribution.txt; sourceTree = "<group>"; };
		C9B54C701462CA9300D987DE /* centipede.jpg */ = {isa = PBXFileReference; lastKnownFileType = image.jpeg; path = centipede.jpg; sourceTree = "<group>"; };
		C9B54C711462CA9300D987DE /* centipedeThumb.jpg */ = {isa = PBXFileReference; lastKnownFileType = image.jpeg; path = centipedeThumb.jpg; sourceTree = "<group>"; };
		C9B54C721462CA9300D987DE /* ladybug.jpg */ = {isa = PBXFileReference; lastKnownFileType = image.jpeg; path = ladybug.jpg; sourceTree = "<group>"; };
		C9B54C731462CA9300D987DE /* ladybugThumb.jpg */ = {isa = PBXFileReference; lastKnownFileType = image.jpeg; path = ladybugThumb.jpg; sourceTree = "<group>"; };
		C9B54C741462CA9300D987DE /* potatoBug.jpg */ = {isa = PBXFileReference; lastKnownFileType = image.jpeg; path = potatoBug.jpg; sourceTree = "<group>"; };
		C9B54C751462CA9300D987DE /* potatoBugThumb.jpg */ = {isa = PBXFileReference; lastKnownFileType = image.jpeg; path = potatoBugThumb.jpg; sourceTree = "<group>"; };
		C9B54C761462CA9300D987DE /* wolfSpider.jpg */ = {isa = PBXFileReference; lastKnownFileType = image.jpeg; path = wolfSpider.jpg; sourceTree = "<group>"; };
		C9B54C771462CA9300D987DE /* wolfSpiderThumb.jpg */ = {isa = PBXFileReference; lastKnownFileType = image.jpeg; path = wolfSpiderThumb.jpg; sourceTree = "<group>"; };
/* End PBXFileReference section */

/* Begin PBXFrameworksBuildPhase section */
		C9B54C151462C0C800D987DE /* Frameworks */ = {
			isa = PBXFrameworksBuildPhase;
			buildActionMask = 2147483647;
			files = (
				C9B54C1D1462C0C800D987DE /* UIKit.framework in Frameworks */,
				C9B54C1F1462C0C800D987DE /* Foundation.framework in Frameworks */,
				C9B54C211462C0C800D987DE /* CoreGraphics.framework in Frameworks */,
			);
			runOnlyForDeploymentPostprocessing = 0;
		};
		C9B54C491462C0C800D987DE /* Frameworks */ = {
			isa = PBXFrameworksBuildPhase;
			buildActionMask = 2147483647;
			files = (
				C9B54C4F1462C0C900D987DE /* SenTestingKit.framework in Frameworks */,
				C9B54C501462C0C900D987DE /* UIKit.framework in Frameworks */,
				C9B54C511462C0C900D987DE /* Foundation.framework in Frameworks */,
			);
			runOnlyForDeploymentPostprocessing = 0;
		};
/* End PBXFrameworksBuildPhase section */

/* Begin PBXGroup section */
		C9B54C0D1462C0C800D987DE = {
			isa = PBXGroup;
			children = (
				C9B54C6E1462CA9300D987DE /* ScaryBugs */,
				C9B54C681462C3FD00D987DE /* ScaryBugData.h */,
				C9B54C691462C3FD00D987DE /* ScaryBugData.m */,
				C9B54C6B1462C51D00D987DE /* ScaryBugDoc.h */,
				C9B54C6C1462C51D00D987DE /* ScaryBugDoc.m */,
				C9B54C221462C0C800D987DE /* ScaryBugsNoStoryboard */,
				C9B54C541462C0C900D987DE /* ScaryBugsNoStoryboardTests */,
				C9B54C1B1462C0C800D987DE /* Frameworks */,
				C9B54C191462C0C800D987DE /* Products */,
			);
			sourceTree = "<group>";
		};
		C9B54C191462C0C800D987DE /* Products */ = {
			isa = PBXGroup;
			children = (
				C9B54C181462C0C800D987DE /* ScaryBugsNoStoryboard.app */,
				C9B54C4D1462C0C900D987DE /* ScaryBugsNoStoryboardTests.octest */,
			);
			name = Products;
			sourceTree = "<group>";
		};
		C9B54C1B1462C0C800D987DE /* Frameworks */ = {
			isa = PBXGroup;
			children = (
				C9B54C1C1462C0C800D987DE /* UIKit.framework */,
				C9B54C1E1462C0C800D987DE /* Foundation.framework */,
				C9B54C201462C0C800D987DE /* CoreGraphics.framework */,
				C9B54C4E1462C0C900D987DE /* SenTestingKit.framework */,
			);
			name = Frameworks;
			sourceTree = "<group>";
		};
		C9B54C221462C0C800D987DE /* ScaryBugsNoStoryboard */ = {
			isa = PBXGroup;
			children = (
				C9B54C2B1462C0C800D987DE /* AppDelegate.h */,
				C9B54C2C1462C0C800D987DE /* AppDelegate.m */,
				C9B54C231462C0C800D987DE /* Supporting Files */,
				C9B54C651462C2E900D987DE /* RootViewController.h */,
				C9B54C661462C2E900D987DE /* RootViewController.m */,
			);
			path = ScaryBugsNoStoryboard;
			sourceTree = "<group>";
		};
		C9B54C231462C0C800D987DE /* Supporting Files */ = {
			isa = PBXGroup;
			children = (
				C9B54C241462C0C800D987DE /* ScaryBugsNoStoryboard-Info.plist */,
				C9B54C251462C0C800D987DE /* InfoPlist.strings */,
				C9B54C281462C0C800D987DE /* main.m */,
				C9B54C2A1462C0C800D987DE /* ScaryBugsNoStoryboard-Prefix.pch */,
			);
			name = "Supporting Files";
			sourceTree = "<group>";
		};
		C9B54C541462C0C900D987DE /* ScaryBugsNoStoryboardTests */ = {
			isa = PBXGroup;
			children = (
				C9B54C5A1462C0C900D987DE /* ScaryBugsNoStoryboardTests.h */,
				C9B54C5B1462C0C900D987DE /* ScaryBugsNoStoryboardTests.m */,
				C9B54C551462C0C900D987DE /* Supporting Files */,
			);
			path = ScaryBugsNoStoryboardTests;
			sourceTree = "<group>";
		};
		C9B54C551462C0C900D987DE /* Supporting Files */ = {
			isa = PBXGroup;
			children = (
				C9B54C561462C0C900D987DE /* ScaryBugsNoStoryboardTests-Info.plist */,
				C9B54C571462C0C900D987DE /* InfoPlist.strings */,
			);
			name = "Supporting Files";
			sourceTree = "<group>";
		};
		C9B54C6E1462CA9300D987DE /* ScaryBugs */ = {
			isa = PBXGroup;
			children = (
				C9B54C6F1462CA9300D987DE /* attribution.txt */,
				C9B54C701462CA9300D987DE /* centipede.jpg */,
				C9B54C711462CA9300D987DE /* centipedeThumb.jpg */,
				C9B54C721462CA9300D987DE /* ladybug.jpg */,
				C9B54C731462CA9300D987DE /* ladybugThumb.jpg */,
				C9B54C741462CA9300D987DE /* potatoBug.jpg */,
				C9B54C751462CA9300D987DE /* potatoBugThumb.jpg */,
				C9B54C761462CA9300D987DE /* wolfSpider.jpg */,
				C9B54C771462CA9300D987DE /* wolfSpiderThumb.jpg */,
			);
			path = ScaryBugs;
			sourceTree = "<group>";
		};
/* End PBXGroup section */

/* Begin PBXNativeTarget section */
		C9B54C171462C0C800D987DE /* ScaryBugsNoStoryboard */ = {
			isa = PBXNativeTarget;
			buildConfigurationList = C9B54C5F1462C0C900D987DE /* Build configuration list for PBXNativeTarget "ScaryBugsNoStoryboard" */;
			buildPhases = (
				C9B54C141462C0C800D987DE /* Sources */,
				C9B54C151462C0C800D987DE /* Frameworks */,
				C9B54C161462C0C800D987DE /* Resources */,
			);
			buildRules = (
			);
			dependencies = (
			);
			name = ScaryBugsNoStoryboard;
			productName = ScaryBugsNoStoryboard;
			productReference = C9B54C181462C0C800D987DE /* ScaryBugsNoStoryboard.app */;
			productType = "com.apple.product-type.application";
		};
		C9B54C4C1462C0C800D987DE /* ScaryBugsNoStoryboardTests */ = {
			isa = PBXNativeTarget;
			buildConfigurationList = C9B54C621462C0C900D987DE /* Build configuration list for PBXNativeTarget "ScaryBugsNoStoryboardTests" */;
			buildPhases = (
				C9B54C481462C0C800D987DE /* Sources */,
				C9B54C491462C0C800D987DE /* Frameworks */,
				C9B54C4A1462C0C800D987DE /* Resources */,
				C9B54C4B1462C0C800D987DE /* ShellScript */,
			);
			buildRules = (
			);
			dependencies = (
				C9B54C531462C0C900D987DE /* PBXTargetDependency */,
			);
			name = ScaryBugsNoStoryboardTests;
			productName = ScaryBugsNoStoryboardTests;
			productReference = C9B54C4D1462C0C900D987DE /* ScaryBugsNoStoryboardTests.octest */;
			productType = "com.apple.product-type.bundle";
		};
/* End PBXNativeTarget section */

/* Begin PBXProject section */
		C9B54C0F1462C0C800D987DE /* Project object */ = {
			isa = PBXProject;
			attributes = {
				LastUpgradeCheck = 0420;
			};
			buildConfigurationList = C9B54C121462C0C800D987DE /* Build configuration list for PBXProject "ScaryBugsNoStoryboard" */;
			compatibilityVersion = "Xcode 3.2";
			developmentRegion = English;
			hasScannedForEncodings = 0;
			knownRegions = (
				en,
			);
			mainGroup = C9B54C0D1462C0C800D987DE;
			productRefGroup = C9B54C191462C0C800D987DE /* Products */;
			projectDirPath = "";
			projectRoot = "";
			targets = (
				C9B54C171462C0C800D987DE /* ScaryBugsNoStoryboard */,
				C9B54C4C1462C0C800D987DE /* ScaryBugsNoStoryboardTests */,
			);
		};
/* End PBXProject section */

/* Begin PBXResourcesBuildPhase section */
		C9B54C161462C0C800D987DE /* Resources */ = {
			isa = PBXResourcesBuildPhase;
			buildActionMask = 2147483647;
			files = (
				C9B54C271462C0C800D987DE /* InfoPlist.strings in Resources */,
				C9B54C781462CA9300D987DE /* attribution.txt in Resources */,
				C9B54C791462CA9300D987DE /* centipede.jpg in Resources */,
				C9B54C7A1462CA9300D987DE /* centipedeThumb.jpg in Resources */,
				C9B54C7B1462CA9300D987DE /* ladybug.jpg in Resources */,
				C9B54C7C1462CA9300D987DE /* ladybugThumb.jpg in Resources */,
				C9B54C7D1462CA9300D987DE /* potatoBug.jpg in Resources */,
				C9B54C7E1462CA9300D987DE /* potatoBugThumb.jpg in Resources */,
				C9B54C7F1462CA9300D987DE /* wolfSpider.jpg in Resources */,
				C9B54C801462CA9300D987DE /* wolfSpiderThumb.jpg in Resources */,
			);
			runOnlyForDeploymentPostprocessing = 0;
		};
		C9B54C4A1462C0C800D987DE /* Resources */ = {
			isa = PBXResourcesBuildPhase;
			buildActionMask = 2147483647;
			files = (
				C9B54C591462C0C900D987DE /* InfoPlist.strings in Resources */,
			);
			runOnlyForDeploymentPostprocessing = 0;
		};
/* End PBXResourcesBuildPhase section */

/* Begin PBXShellScriptBuildPhase section */
		C9B54C4B1462C0C800D987DE /* ShellScript */ = {
			isa = PBXShellScriptBuildPhase;
			buildActionMask = 2147483647;
			files = (
			);
			inputPaths = (
			);
			outputPaths = (
			);
			runOnlyForDeploymentPostprocessing = 0;
			shellPath = /bin/sh;
			shellScript = "# Run the unit tests in this test bundle.\n\"${SYSTEM_DEVELOPER_DIR}/Tools/RunUnitTests\"\n";
		};
/* End PBXShellScriptBuildPhase section */

/* Begin PBXSourcesBuildPhase section */
		C9B54C141462C0C800D987DE /* Sources */ = {
			isa = PBXSourcesBuildPhase;
			buildActionMask = 2147483647;
			files = (
				C9B54C291462C0C800D987DE /* main.m in Sources */,
				C9B54C2D1462C0C800D987DE /* AppDelegate.m in Sources */,
				C9B54C671462C2E900D987DE /* RootViewController.m in Sources */,
				C9B54C6A1462C3FD00D987DE /* ScaryBugData.m in Sources */,
				C9B54C6D1462C51D00D987DE /* ScaryBugDoc.m in Sources */,
			);
			runOnlyForDeploymentPostprocessing = 0;
		};
		C9B54C481462C0C800D987DE /* Sources */ = {
			isa = PBXSourcesBuildPhase;
			buildActionMask = 2147483647;
			files = (
				C9B54C5C1462C0C900D987DE /* ScaryBugsNoStoryboardTests.m in Sources */,
			);
			runOnlyForDeploymentPostprocessing = 0;
		};
/* End PBXSourcesBuildPhase section */

/* Begin PBXTargetDependency section */
		C9B54C531462C0C900D987DE /* PBXTargetDependency */ = {
			isa = PBXTargetDependency;
			target = C9B54C171462C0C800D987DE /* ScaryBugsNoStoryboard */;
			targetProxy = C9B54C521462C0C900D987DE /* PBXContainerItemProxy */;
		};
/* End PBXTargetDependency section */

/* Begin PBXVariantGroup section */
		C9B54C251462C0C800D987DE /* InfoPlist.strings */ = {
			isa = PBXVariantGroup;
			children = (
				C9B54C261462C0C800D987DE /* en */,
			);
			name = InfoPlist.strings;
			sourceTree = "<group>";
		};
		C9B54C571462C0C900D987DE /* InfoPlist.strings */ = {
			isa = PBXVariantGroup;
			children = (
				C9B54C581462C0C900D987DE /* en */,
			);
			name = InfoPlist.strings;
			sourceTree = "<group>";
		};
/* End PBXVariantGroup section */

/* Begin XCBuildConfiguration section */
		C9B54C5D1462C0C900D987DE /* Debug */ = {
			isa = XCBuildConfiguration;
			buildSettings = {
				ALWAYS_SEARCH_USER_PATHS = NO;
				ARCHS = "$(ARCHS_STANDARD_32_BIT)";
				CLANG_ENABLE_OBJC_ARC = YES;
				"CODE_SIGN_IDENTITY[sdk=iphoneos*]" = "iPhone Developer";
				COPY_PHASE_STRIP = NO;
				GCC_C_LANGUAGE_STANDARD = gnu99;
				GCC_DYNAMIC_NO_PIC = NO;
				GCC_OPTIMIZATION_LEVEL = 0;
				GCC_PREPROCESSOR_DEFINITIONS = (
					"DEBUG=1",
					"$(inherited)",
				);
				GCC_SYMBOLS_PRIVATE_EXTERN = NO;
				GCC_VERSION = com.apple.compilers.llvm.clang.1_0;
				GCC_WARN_ABOUT_MISSING_PROTOTYPES = YES;
				GCC_WARN_ABOUT_RETURN_TYPE = YES;
				GCC_WARN_UNUSED_VARIABLE = YES;
				IPHONEOS_DEPLOYMENT_TARGET = 5.0;
				SDKROOT = iphoneos;
				TARGETED_DEVICE_FAMILY = "1,2";
			};
			name = Debug;
		};
		C9B54C5E1462C0C900D987DE /* Release */ = {
			isa = XCBuildConfiguration;
			buildSettings = {
				ALWAYS_SEARCH_USER_PATHS = NO;
				ARCHS = "$(ARCHS_STANDARD_32_BIT)";
				CLANG_ENABLE_OBJC_ARC = YES;
				"CODE_SIGN_IDENTITY[sdk=iphoneos*]" = "iPhone Developer";
				COPY_PHASE_STRIP = YES;
				GCC_C_LANGUAGE_STANDARD = gnu99;
				GCC_VERSION = com.apple.compilers.llvm.clang.1_0;
				GCC_WARN_ABOUT_MISSING_PROTOTYPES = YES;
				GCC_WARN_ABOUT_RETURN_TYPE = YES;
				GCC_WARN_UNUSED_VARIABLE = YES;
				IPHONEOS_DEPLOYMENT_TARGET = 5.0;
				OTHER_CFLAGS = "-DNS_BLOCK_ASSERTIONS=1";
				SDKROOT = iphoneos;
				TARGETED_DEVICE_FAMILY = "1,2";
				VALIDATE_PRODUCT = YES;
			};
			name = Release;
		};
		C9B54C601462C0C900D987DE /* Debug */ = {
			isa = XCBuildConfiguration;
			buildSettings = {
				GCC_PRECOMPILE_PREFIX_HEADER = YES;
				GCC_PREFIX_HEADER = "ScaryBugsNoStoryboard/ScaryBugsNoStoryboard-Prefix.pch";
				INFOPLIST_FILE = "ScaryBugsNoStoryboard/ScaryBugsNoStoryboard-Info.plist";
				PRODUCT_NAME = "$(TARGET_NAME)";
				WRAPPER_EXTENSION = app;
			};
			name = Debug;
		};
		C9B54C611462C0C900D987DE /* Release */ = {
			isa = XCBuildConfiguration;
			buildSettings = {
				GCC_PRECOMPILE_PREFIX_HEADER = YES;
				GCC_PREFIX_HEADER = "ScaryBugsNoStoryboard/ScaryBugsNoStoryboard-Prefix.pch";
				INFOPLIST_FILE = "ScaryBugsNoStoryboard/ScaryBugsNoStoryboard-Info.plist";
				PRODUCT_NAME = "$(TARGET_NAME)";
				WRAPPER_EXTENSION = app;
			};
			name = Release;
		};
		C9B54C631462C0C900D987DE /* Debug */ = {
			isa = XCBuildConfiguration;
			buildSettings = {
				BUNDLE_LOADER = "$(BUILT_PRODUCTS_DIR)/ScaryBugsNoStoryboard.app/ScaryBugsNoStoryboard";
				FRAMEWORK_SEARCH_PATHS = (
					"$(SDKROOT)/Developer/Library/Frameworks",
					"$(DEVELOPER_LIBRARY_DIR)/Frameworks",
				);
				GCC_PRECOMPILE_PREFIX_HEADER = YES;
				GCC_PREFIX_HEADER = "ScaryBugsNoStoryboard/ScaryBugsNoStoryboard-Prefix.pch";
				INFOPLIST_FILE = "ScaryBugsNoStoryboardTests/ScaryBugsNoStoryboardTests-Info.plist";
				PRODUCT_NAME = "$(TARGET_NAME)";
				TEST_HOST = "$(BUNDLE_LOADER)";
				WRAPPER_EXTENSION = octest;
			};
			name = Debug;
		};
		C9B54C641462C0C900D987DE /* Release */ = {
			isa = XCBuildConfiguration;
			buildSettings = {
				BUNDLE_LOADER = "$(BUILT_PRODUCTS_DIR)/ScaryBugsNoStoryboard.app/ScaryBugsNoStoryboard";
				FRAMEWORK_SEARCH_PATHS = (
					"$(SDKROOT)/Developer/Library/Frameworks",
					"$(DEVELOPER_LIBRARY_DIR)/Frameworks",
				);
				GCC_PRECOMPILE_PREFIX_HEADER = YES;
				GCC_PREFIX_HEADER = "ScaryBugsNoStoryboard/ScaryBugsNoStoryboard-Prefix.pch";
				INFOPLIST_FILE = "ScaryBugsNoStoryboardTests/ScaryBugsNoStoryboardTests-Info.plist";
				PRODUCT_NAME = "$(TARGET_NAME)";
				TEST_HOST = "$(BUNDLE_LOADER)";
				WRAPPER_EXTENSION = octest;
			};
			name = Release;
		};
/* End XCBuildConfiguration section */

/* Begin XCConfigurationList section */
		C9B54C121462C0C800D987DE /* Build configuration list for PBXProject "ScaryBugsNoStoryboard" */ = {
			isa = XCConfigurationList;
			buildConfigurations = (
				C9B54C5D1462C0C900D987DE /* Debug */,
				C9B54C5E1462C0C900D987DE /* Release */,
			);
			defaultConfigurationIsVisible = 0;
			defaultConfigurationName = Release;
		};
		C9B54C5F1462C0C900D987DE /* Build configuration list for PBXNativeTarget "ScaryBugsNoStoryboard" */ = {
			isa = XCConfigurationList;
			buildConfigurations = (
				C9B54C601462C0C900D987DE /* Debug */,
				C9B54C611462C0C900D987DE /* Release */,
			);
			defaultConfigurationIsVisible = 0;
		};
		C9B54C621462C0C900D987DE /* Build configuration list for PBXNativeTarget "ScaryBugsNoStoryboardTests" */ = {
			isa = XCConfigurationList;
			buildConfigurations = (
				C9B54C631462C0C900D987DE /* Debug */,
				C9B54C641462C0C900D987DE /* Release */,
			);
			defaultConfigurationIsVisible = 0;
		};
/* End XCConfigurationList section */
	};
	rootObject = C9B54C0F1462C0C800D987DE /* Project object */;
}
